// !$*UTF8*$!
{
	archiveVersion = 1;
	classes = {
	};
	objectVersion = 77;
	objects = {

/* Begin PBXBuildFile section */
		D1C503142DD48A9C0022FC52 /* MILESTONES.txt in Resources */ = {isa = PBXBuildFile; fileRef = D1C503132DD48A960022FC52 /* MILESTONES.txt */; };
		D1C503162DD490E90022FC52 /* TODO.txt in Resources */ = {isa = PBXBuildFile; fileRef = D1C503152DD490E40022FC52 /* TODO.txt */; };
/* End PBXBuildFile section */

/* Begin PBXContainerItemProxy section */
		D1900CCE2DD1A82300C53EEF /* PBXContainerItemProxy */ = {
			isa = PBXContainerItemProxy;
			containerPortal = D1900CB82DD1A82200C53EEF /* Project object */;
			proxyType = 1;
			remoteGlobalIDString = D1900CBF2DD1A82200C53EEF;
			remoteInfo = potatodo;
		};
		D1900CD82DD1A82300C53EEF /* PBXContainerItemProxy */ = {
			isa = PBXContainerItemProxy;
			containerPortal = D1900CB82DD1A82200C53EEF /* Project object */;
			proxyType = 1;
			remoteGlobalIDString = D1900CBF2DD1A82200C53EEF;
			remoteInfo = potatodo;
		};
/* End PBXContainerItemProxy section */

/* Begin PBXFileReference section */
		D1900CC02DD1A82200C53EEF /* potatodo.app */ = {isa = PBXFileReference; explicitFileType = wrapper.application; includeInIndex = 0; path = potatodo.app; sourceTree = BUILT_PRODUCTS_DIR; };
		D1900CCD2DD1A82300C53EEF /* potatodoTests.xctest */ = {isa = PBXFileReference; explicitFileType = wrapper.cfbundle; includeInIndex = 0; path = potatodoTests.xctest; sourceTree = BUILT_PRODUCTS_DIR; };
		D1900CD72DD1A82300C53EEF /* potatodoUITests.xctest */ = {isa = PBXFileReference; explicitFileType = wrapper.cfbundle; includeInIndex = 0; path = potatodoUITests.xctest; sourceTree = BUILT_PRODUCTS_DIR; };
		D1C503132DD48A960022FC52 /* MILESTONES.txt */ = {isa = PBXFileReference; lastKnownFileType = text; path = MILESTONES.txt; sourceTree = "<group>"; };
		D1C503152DD490E40022FC52 /* TODO.txt */ = {isa = PBXFileReference; lastKnownFileType = text; path = TODO.txt; sourceTree = "<group>"; };
/* End PBXFileReference section */

/* Begin PBXFileSystemSynchronizedBuildFileExceptionSet section */
		D1C503922DD586120022FC52 /* Exceptions for "potatodo" folder in "potatodo" target */ = {
			isa = PBXFileSystemSynchronizedBuildFileExceptionSet;
			membershipExceptions = (
				Info.plist,
			);
			target = D1900CBF2DD1A82200C53EEF /* potatodo */;
		};
/* End PBXFileSystemSynchronizedBuildFileExceptionSet section */

/* Begin PBXFileSystemSynchronizedRootGroup section */
		D1900CC22DD1A82200C53EEF /* potatodo */ = {
			isa = PBXFileSystemSynchronizedRootGroup;
			exceptions = (
				D1C503922DD586120022FC52 /* Exceptions for "potatodo" folder in "potatodo" target */,
			);
			path = potatodo;
			sourceTree = "<group>";
		};
		D1900CD02DD1A82300C53EEF /* potatodoTests */ = {
			isa = PBXFileSystemSynchronizedRootGroup;
			path = potatodoTests;
			sourceTree = "<group>";
		};
		D1900CDA2DD1A82300C53EEF /* potatodoUITests */ = {
			isa = PBXFileSystemSynchronizedRootGroup;
			path = potatodoUITests;
			sourceTree = "<group>";
		};
/* End PBXFileSystemSynchronizedRootGroup section */

/* Begin PBXFrameworksBuildPhase section */
		D1900CBD2DD1A82200C53EEF /* Frameworks */ = {
			isa = PBXFrameworksBuildPhase;
			buildActionMask = 2147483647;
			files = (
			);
			runOnlyForDeploymentPostprocessing = 0;
		};
		D1900CCA2DD1A82300C53EEF /* Frameworks */ = {
			isa = PBXFrameworksBuildPhase;
			buildActionMask = 2147483647;
			files = (
			);
			runOnlyForDeploymentPostprocessing = 0;
		};
		D1900CD42DD1A82300C53EEF /* Frameworks */ = {
			isa = PBXFrameworksBuildPhase;
			buildActionMask = 2147483647;
			files = (
			);
			runOnlyForDeploymentPostprocessing = 0;
		};
/* End PBXFrameworksBuildPhase section */

/* Begin PBXGroup section */
		D1900CB72DD1A82200C53EEF = {
			isa = PBXGroup;
			children = (
				D1C503132DD48A960022FC52 /* MILESTONES.txt */,
				D1C503152DD490E40022FC52 /* TODO.txt */,
				D1900CC22DD1A82200C53EEF /* potatodo */,
				D1900CD02DD1A82300C53EEF /* potatodoTests */,
				D1900CDA2DD1A82300C53EEF /* potatodoUITests */,
				D1900CC12DD1A82200C53EEF /* Products */,
			);
			sourceTree = "<group>";
		};
		D1900CC12DD1A82200C53EEF /* Products */ = {
			isa = PBXGroup;
			children = (
				D1900CC02DD1A82200C53EEF /* potatodo.app */,
				D1900CCD2DD1A82300C53EEF /* potatodoTests.xctest */,
				D1900CD72DD1A82300C53EEF /* potatodoUITests.xctest */,
			);
			name = Products;
			sourceTree = "<group>";
		};
/* End PBXGroup section */

/* Begin PBXNativeTarget section */
		D1900CBF2DD1A82200C53EEF /* potatodo */ = {
			isa = PBXNativeTarget;
			buildConfigurationList = D1900CE12DD1A82300C53EEF /* Build configuration list for PBXNativeTarget "potatodo" */;
			buildPhases = (
				D1900CBC2DD1A82200C53EEF /* Sources */,
				D1900CBD2DD1A82200C53EEF /* Frameworks */,
				D1900CBE2DD1A82200C53EEF /* Resources */,
			);
			buildRules = (
			);
			dependencies = (
			);
			fileSystemSynchronizedGroups = (
				D1900CC22DD1A82200C53EEF /* potatodo */,
			);
			name = potatodo;
			packageProductDependencies = (
			);
			productName = potatodo;
			productReference = D1900CC02DD1A82200C53EEF /* potatodo.app */;
			productType = "com.apple.product-type.application";
		};
		D1900CCC2DD1A82300C53EEF /* potatodoTests */ = {
			isa = PBXNativeTarget;
			buildConfigurationList = D1900CE42DD1A82300C53EEF /* Build configuration list for PBXNativeTarget "potatodoTests" */;
			buildPhases = (
				D1900CC92DD1A82300C53EEF /* Sources */,
				D1900CCA2DD1A82300C53EEF /* Frameworks */,
				D1900CCB2DD1A82300C53EEF /* Resources */,
			);
			buildRules = (
			);
			dependencies = (
				D1900CCF2DD1A82300C53EEF /* PBXTargetDependency */,
			);
			fileSystemSynchronizedGroups = (
				D1900CD02DD1A82300C53EEF /* potatodoTests */,
			);
			name = potatodoTests;
			packageProductDependencies = (
			);
			productName = potatodoTests;
			productReference = D1900CCD2DD1A82300C53EEF /* potatodoTests.xctest */;
			productType = "com.apple.product-type.bundle.unit-test";
		};
		D1900CD62DD1A82300C53EEF /* potatodoUITests */ = {
			isa = PBXNativeTarget;
			buildConfigurationList = D1900CE72DD1A82300C53EEF /* Build configuration list for PBXNativeTarget "potatodoUITests" */;
			buildPhases = (
				D1900CD32DD1A82300C53EEF /* Sources */,
				D1900CD42DD1A82300C53EEF /* Frameworks */,
				D1900CD52DD1A82300C53EEF /* Resources */,
			);
			buildRules = (
			);
			dependencies = (
				D1900CD92DD1A82300C53EEF /* PBXTargetDependency */,
			);
			fileSystemSynchronizedGroups = (
				D1900CDA2DD1A82300C53EEF /* potatodoUITests */,
			);
			name = potatodoUITests;
			packageProductDependencies = (
			);
			productName = potatodoUITests;
			productReference = D1900CD72DD1A82300C53EEF /* potatodoUITests.xctest */;
			productType = "com.apple.product-type.bundle.ui-testing";
		};
/* End PBXNativeTarget section */

/* Begin PBXProject section */
		D1900CB82DD1A82200C53EEF /* Project object */ = {
			isa = PBXProject;
			attributes = {
				BuildIndependentTargetsInParallel = 1;
				LastSwiftUpdateCheck = 1630;
				LastUpgradeCheck = 1630;
				TargetAttributes = {
					D1900CBF2DD1A82200C53EEF = {
						CreatedOnToolsVersion = 16.3;
					};
					D1900CCC2DD1A82300C53EEF = {
						CreatedOnToolsVersion = 16.3;
						TestTargetID = D1900CBF2DD1A82200C53EEF;
					};
					D1900CD62DD1A82300C53EEF = {
						CreatedOnToolsVersion = 16.3;
						TestTargetID = D1900CBF2DD1A82200C53EEF;
					};
				};
			};
			buildConfigurationList = D1900CBB2DD1A82200C53EEF /* Build configuration list for PBXProject "potatodo" */;
			developmentRegion = en;
			hasScannedForEncodings = 0;
			knownRegions = (
				en,
				Base,
			);
			mainGroup = D1900CB72DD1A82200C53EEF;
			minimizedProjectReferenceProxies = 1;
			preferredProjectObjectVersion = 77;
			productRefGroup = D1900CC12DD1A82200C53EEF /* Products */;
			projectDirPath = "";
			projectRoot = "";
			targets = (
				D1900CBF2DD1A82200C53EEF /* potatodo */,
				D1900CCC2DD1A82300C53EEF /* potatodoTests */,
				D1900CD62DD1A82300C53EEF /* potatodoUITests */,
			);
		};
/* End PBXProject section */

/* Begin PBXResourcesBuildPhase section */
		D1900CBE2DD1A82200C53EEF /* Resources */ = {
			isa = PBXResourcesBuildPhase;
			buildActionMask = 2147483647;
			files = (
				D1C503162DD490E90022FC52 /* TODO.txt in Resources */,
				D1C503142DD48A9C0022FC52 /* MILESTONES.txt in Resources */,
			);
			runOnlyForDeploymentPostprocessing = 0;
		};
		D1900CCB2DD1A82300C53EEF /* Resources */ = {
			isa = PBXResourcesBuildPhase;
			buildActionMask = 2147483647;
			files = (
			);
			runOnlyForDeploymentPostprocessing = 0;
		};
		D1900CD52DD1A82300C53EEF /* Resources */ = {
			isa = PBXResourcesBuildPhase;
			buildActionMask = 2147483647;
			files = (
			);
			runOnlyForDeploymentPostprocessing = 0;
		};
/* End PBXResourcesBuildPhase section */

/* Begin PBXSourcesBuildPhase section */
		D1900CBC2DD1A82200C53EEF /* Sources */ = {
			isa = PBXSourcesBuildPhase;
			buildActionMask = 2147483647;
			files = (
			);
			runOnlyForDeploymentPostprocessing = 0;
		};
		D1900CC92DD1A82300C53EEF /* Sources */ = {
			isa = PBXSourcesBuildPhase;
			buildActionMask = 2147483647;
			files = (
			);
			runOnlyForDeploymentPostprocessing = 0;
		};
		D1900CD32DD1A82300C53EEF /* Sources */ = {
			isa = PBXSourcesBuildPhase;
			buildActionMask = 2147483647;
			files = (
			);
			runOnlyForDeploymentPostprocessing = 0;
		};
/* End PBXSourcesBuildPhase section */

/* Begin PBXTargetDependency section */
		D1900CCF2DD1A82300C53EEF /* PBXTargetDependency */ = {
			isa = PBXTargetDependency;
			target = D1900CBF2DD1A82200C53EEF /* potatodo */;
			targetProxy = D1900CCE2DD1A82300C53EEF /* PBXContainerItemProxy */;
		};
		D1900CD92DD1A82300C53EEF /* PBXTargetDependency */ = {
			isa = PBXTargetDependency;
			target = D1900CBF2DD1A82200C53EEF /* potatodo */;
			targetProxy = D1900CD82DD1A82300C53EEF /* PBXContainerItemProxy */;
		};
/* End PBXTargetDependency section */

/* Begin XCBuildConfiguration section */
		D1900CDF2DD1A82300C53EEF /* Debug */ = {
			isa = XCBuildConfiguration;
			buildSettings = {
				ALWAYS_SEARCH_USER_PATHS = NO;
				ASSETCATALOG_COMPILER_GENERATE_SWIFT_ASSET_SYMBOL_EXTENSIONS = YES;
				CLANG_ANALYZER_NONNULL = YES;
				CLANG_ANALYZER_NUMBER_OBJECT_CONVERSION = YES_AGGRESSIVE;
				CLANG_CXX_LANGUAGE_STANDARD = "gnu++20";
				CLANG_ENABLE_MODULES = YES;
				CLANG_ENABLE_OBJC_ARC = YES;
				CLANG_ENABLE_OBJC_WEAK = YES;
				CLANG_WARN_BLOCK_CAPTURE_AUTORELEASING = YES;
				CLANG_WARN_BOOL_CONVERSION = YES;
				CLANG_WARN_COMMA = YES;
				CLANG_WARN_CONSTANT_CONVERSION = YES;
				CLANG_WARN_DEPRECATED_OBJC_IMPLEMENTATIONS = YES;
				CLANG_WARN_DIRECT_OBJC_ISA_USAGE = YES_ERROR;
				CLANG_WARN_DOCUMENTATION_COMMENTS = YES;
				CLANG_WARN_EMPTY_BODY = YES;
				CLANG_WARN_ENUM_CONVERSION = YES;
				CLANG_WARN_INFINITE_RECURSION = YES;
				CLANG_WARN_INT_CONVERSION = YES;
				CLANG_WARN_NON_LITERAL_NULL_CONVERSION = YES;
				CLANG_WARN_OBJC_IMPLICIT_RETAIN_SELF = YES;
				CLANG_WARN_OBJC_LITERAL_CONVERSION = YES;
				CLANG_WARN_OBJC_ROOT_CLASS = YES_ERROR;
				CLANG_WARN_QUOTED_INCLUDE_IN_FRAMEWORK_HEADER = YES;
				CLANG_WARN_RANGE_LOOP_ANALYSIS = YES;
				CLANG_WARN_STRICT_PROTOTYPES = YES;
				CLANG_WARN_SUSPICIOUS_MOVE = YES;
				CLANG_WARN_UNGUARDED_AVAILABILITY = YES_AGGRESSIVE;
				CLANG_WARN_UNREACHABLE_CODE = YES;
				CLANG_WARN__DUPLICATE_METHOD_MATCH = YES;
				COPY_PHASE_STRIP = NO;
				DEBUG_INFORMATION_FORMAT = dwarf;
				ENABLE_STRICT_OBJC_MSGSEND = YES;
				ENABLE_TESTABILITY = YES;
				ENABLE_USER_SCRIPT_SANDBOXING = YES;
				GCC_C_LANGUAGE_STANDARD = gnu17;
				GCC_DYNAMIC_NO_PIC = NO;
				GCC_NO_COMMON_BLOCKS = YES;
				GCC_OPTIMIZATION_LEVEL = 0;
				GCC_PREPROCESSOR_DEFINITIONS = (
					"DEBUG=1",
					"$(inherited)",
				);
				GCC_WARN_64_TO_32_BIT_CONVERSION = YES;
				GCC_WARN_ABOUT_RETURN_TYPE = YES_ERROR;
				GCC_WARN_UNDECLARED_SELECTOR = YES;
				GCC_WARN_UNINITIALIZED_AUTOS = YES_AGGRESSIVE;
				GCC_WARN_UNUSED_FUNCTION = YES;
				GCC_WARN_UNUSED_VARIABLE = YES;
				IPHONEOS_DEPLOYMENT_TARGET = 18.4;
				LOCALIZATION_PREFERS_STRING_CATALOGS = YES;
				MTL_ENABLE_DEBUG_INFO = INCLUDE_SOURCE;
				MTL_FAST_MATH = YES;
				ONLY_ACTIVE_ARCH = YES;
				SDKROOT = iphoneos;
				SWIFT_ACTIVE_COMPILATION_CONDITIONS = "DEBUG $(inherited)";
				SWIFT_OPTIMIZATION_LEVEL = "-Onone";
			};
			name = Debug;
		};
		D1900CE02DD1A82300C53EEF /* Release */ = {
			isa = XCBuildConfiguration;
			buildSettings = {
				ALWAYS_SEARCH_USER_PATHS = NO;
				ASSETCATALOG_COMPILER_GENERATE_SWIFT_ASSET_SYMBOL_EXTENSIONS = YES;
				CLANG_ANALYZER_NONNULL = YES;
				CLANG_ANALYZER_NUMBER_OBJECT_CONVERSION = YES_AGGRESSIVE;
				CLANG_CXX_LANGUAGE_STANDARD = "gnu++20";
				CLANG_ENABLE_MODULES = YES;
				CLANG_ENABLE_OBJC_ARC = YES;
				CLANG_ENABLE_OBJC_WEAK = YES;
				CLANG_WARN_BLOCK_CAPTURE_AUTORELEASING = YES;
				CLANG_WARN_BOOL_CONVERSION = YES;
				CLANG_WARN_COMMA = YES;
				CLANG_WARN_CONSTANT_CONVERSION = YES;
				CLANG_WARN_DEPRECATED_OBJC_IMPLEMENTATIONS = YES;
				CLANG_WARN_DIRECT_OBJC_ISA_USAGE = YES_ERROR;
				CLANG_WARN_DOCUMENTATION_COMMENTS = YES;
				CLANG_WARN_EMPTY_BODY = YES;
				CLANG_WARN_ENUM_CONVERSION = YES;
				CLANG_WARN_INFINITE_RECURSION = YES;
				CLANG_WARN_INT_CONVERSION = YES;
				CLANG_WARN_NON_LITERAL_NULL_CONVERSION = YES;
				CLANG_WARN_OBJC_IMPLICIT_RETAIN_SELF = YES;
				CLANG_WARN_OBJC_LITERAL_CONVERSION = YES;
				CLANG_WARN_OBJC_ROOT_CLASS = YES_ERROR;
				CLANG_WARN_QUOTED_INCLUDE_IN_FRAMEWORK_HEADER = YES;
				CLANG_WARN_RANGE_LOOP_ANALYSIS = YES;
				CLANG_WARN_STRICT_PROTOTYPES = YES;
				CLANG_WARN_SUSPICIOUS_MOVE = YES;
				CLANG_WARN_UNGUARDED_AVAILABILITY = YES_AGGRESSIVE;
				CLANG_WARN_UNREACHABLE_CODE = YES;
				CLANG_WARN__DUPLICATE_METHOD_MATCH = YES;
				COPY_PHASE_STRIP = NO;
				DEBUG_INFORMATION_FORMAT = "dwarf-with-dsym";
				ENABLE_NS_ASSERTIONS = NO;
				ENABLE_STRICT_OBJC_MSGSEND = YES;
				ENABLE_USER_SCRIPT_SANDBOXING = YES;
				GCC_C_LANGUAGE_STANDARD = gnu17;
				GCC_NO_COMMON_BLOCKS = YES;
				GCC_WARN_64_TO_32_BIT_CONVERSION = YES;
				GCC_WARN_ABOUT_RETURN_TYPE = YES_ERROR;
				GCC_WARN_UNDECLARED_SELECTOR = YES;
				GCC_WARN_UNINITIALIZED_AUTOS = YES_AGGRESSIVE;
				GCC_WARN_UNUSED_FUNCTION = YES;
				GCC_WARN_UNUSED_VARIABLE = YES;
				IPHONEOS_DEPLOYMENT_TARGET = 18.4;
				LOCALIZATION_PREFERS_STRING_CATALOGS = YES;
				MTL_ENABLE_DEBUG_INFO = NO;
				MTL_FAST_MATH = YES;
				SDKROOT = iphoneos;
				SWIFT_COMPILATION_MODE = wholemodule;
				VALIDATE_PRODUCT = YES;
			};
			name = Release;
		};
		D1900CE22DD1A82300C53EEF /* Debug */ = {
			isa = XCBuildConfiguration;
			buildSettings = {
				ASSETCATALOG_COMPILER_APPICON_NAME = AppIcon;
				ASSETCATALOG_COMPILER_GLOBAL_ACCENT_COLOR_NAME = AccentColor;
				CODE_SIGN_IDENTITY = "Apple Development";
				CODE_SIGN_STYLE = Automatic;
				CURRENT_PROJECT_VERSION = 1;
				DEVELOPMENT_TEAM = JS3JFCX9RV;
				ENABLE_PREVIEWS = YES;
				GENERATE_INFOPLIST_FILE = YES;
				INFOPLIST_FILE = potatodo/Info.plist;
				INFOPLIST_KEY_UIApplicationSceneManifest_Generation = YES;
				INFOPLIST_KEY_UIApplicationSupportsIndirectInputEvents = YES;
				INFOPLIST_KEY_UILaunchScreen_Generation = YES;
				INFOPLIST_KEY_UISupportedInterfaceOrientations_iPad = "UIInterfaceOrientationPortrait UIInterfaceOrientationPortraitUpsideDown UIInterfaceOrientationLandscapeLeft UIInterfaceOrientationLandscapeRight";
				INFOPLIST_KEY_UISupportedInterfaceOrientations_iPhone = "UIInterfaceOrientationPortrait UIInterfaceOrientationLandscapeLeft UIInterfaceOrientationLandscapeRight";
				IPHONEOS_DEPLOYMENT_TARGET = 17.6;
				LD_RUNPATH_SEARCH_PATHS = (
					"$(inherited)",
					"@executable_path/Frameworks",
				);
				MARKETING_VERSION = 0.1.6;
				PRODUCT_BUNDLE_IDENTIFIER = wombleman.potatodo;
				PRODUCT_NAME = "$(TARGET_NAME)";
				PROVISIONING_PROFILE_SPECIFIER = "";
				SWIFT_EMIT_LOC_STRINGS = YES;
				SWIFT_VERSION = 5.0;
				TARGETED_DEVICE_FAMILY = "1,2";
			};
			name = Debug;
		};
		D1900CE32DD1A82300C53EEF /* Release */ = {
			isa = XCBuildConfiguration;
			buildSettings = {
				ASSETCATALOG_COMPILER_APPICON_NAME = AppIcon;
				ASSETCATALOG_COMPILER_GLOBAL_ACCENT_COLOR_NAME = AccentColor;
				CODE_SIGN_IDENTITY = "Apple Development";
				CODE_SIGN_STYLE = Automatic;
				CURRENT_PROJECT_VERSION = 1;
				DEVELOPMENT_TEAM = JS3JFCX9RV;
				ENABLE_PREVIEWS = YES;
				GENERATE_INFOPLIST_FILE = YES;
				INFOPLIST_FILE = potatodo/Info.plist;
				INFOPLIST_KEY_UIApplicationSceneManifest_Generation = YES;
				INFOPLIST_KEY_UIApplicationSupportsIndirectInputEvents = YES;
				INFOPLIST_KEY_UILaunchScreen_Generation = YES;
				INFOPLIST_KEY_UISupportedInterfaceOrientations_iPad = "UIInterfaceOrientationPortrait UIInterfaceOrientationPortraitUpsideDown UIInterfaceOrientationLandscapeLeft UIInterfaceOrientationLandscapeRight";
				INFOPLIST_KEY_UISupportedInterfaceOrientations_iPhone = "UIInterfaceOrientationPortrait UIInterfaceOrientationLandscapeLeft UIInterfaceOrientationLandscapeRight";
				IPHONEOS_DEPLOYMENT_TARGET = 17.6;
				LD_RUNPATH_SEARCH_PATHS = (
					"$(inherited)",
					"@executable_path/Frameworks",
				);
				MARKETING_VERSION = 0.1.6;
				PRODUCT_BUNDLE_IDENTIFIER = wombleman.potatodo;
				PRODUCT_NAME = "$(TARGET_NAME)";
				PROVISIONING_PROFILE_SPECIFIER = "";
				SWIFT_EMIT_LOC_STRINGS = YES;
				SWIFT_VERSION = 5.0;
				TARGETED_DEVICE_FAMILY = "1,2";
			};
			name = Release;
		};
		D1900CE52DD1A82300C53EEF /* Debug */ = {
			isa = XCBuildConfiguration;
			buildSettings = {
				BUNDLE_LOADER = "$(TEST_HOST)";
				CODE_SIGN_STYLE = Automatic;
				CURRENT_PROJECT_VERSION = 1;
				GENERATE_INFOPLIST_FILE = YES;
				IPHONEOS_DEPLOYMENT_TARGET = 18.4;
				MARKETING_VERSION = 1.0;
				PRODUCT_BUNDLE_IDENTIFIER = wombleman.potatodoTests;
				PRODUCT_NAME = "$(TARGET_NAME)";
				SWIFT_EMIT_LOC_STRINGS = NO;
				SWIFT_VERSION = 5.0;
				TARGETED_DEVICE_FAMILY = "1,2";
				TEST_HOST = "$(BUILT_PRODUCTS_DIR)/potatodo.app/$(BUNDLE_EXECUTABLE_FOLDER_PATH)/potatodo";
			};
			name = Debug;
		};
		D1900CE62DD1A82300C53EEF /* Release */ = {
			isa = XCBuildConfiguration;
			buildSettings = {
				BUNDLE_LOADER = "$(TEST_HOST)";
				CODE_SIGN_STYLE = Automatic;
				CURRENT_PROJECT_VERSION = 1;
				GENERATE_INFOPLIST_FILE = YES;
				IPHONEOS_DEPLOYMENT_TARGET = 18.4;
				MARKETING_VERSION = 1.0;
				PRODUCT_BUNDLE_IDENTIFIER = wombleman.potatodoTests;
				PRODUCT_NAME = "$(TARGET_NAME)";
				SWIFT_EMIT_LOC_STRINGS = NO;
				SWIFT_VERSION = 5.0;
				TARGETED_DEVICE_FAMILY = "1,2";
				TEST_HOST = "$(BUILT_PRODUCTS_DIR)/potatodo.app/$(BUNDLE_EXECUTABLE_FOLDER_PATH)/potatodo";
			};
			name = Release;
		};
		D1900CE82DD1A82300C53EEF /* Debug */ = {
			isa = XCBuildConfiguration;
			buildSettings = {
				CODE_SIGN_STYLE = Automatic;
				CURRENT_PROJECT_VERSION = 1;
				GENERATE_INFOPLIST_FILE = YES;
				MARKETING_VERSION = 1.0;
				PRODUCT_BUNDLE_IDENTIFIER = wombleman.potatodoUITests;
				PRODUCT_NAME = "$(TARGET_NAME)";
				SWIFT_EMIT_LOC_STRINGS = NO;
				SWIFT_VERSION = 5.0;
				TARGETED_DEVICE_FAMILY = "1,2";
				TEST_TARGET_NAME = potatodo;
			};
			name = Debug;
		};
		D1900CE92DD1A82300C53EEF /* Release */ = {
			isa = XCBuildConfiguration;
			buildSettings = {
				CODE_SIGN_STYLE = Automatic;
				CURRENT_PROJECT_VERSION = 1;
				GENERATE_INFOPLIST_FILE = YES;
				MARKETING_VERSION = 1.0;
				PRODUCT_BUNDLE_IDENTIFIER = wombleman.potatodoUITests;
				PRODUCT_NAME = "$(TARGET_NAME)";
				SWIFT_EMIT_LOC_STRINGS = NO;
				SWIFT_VERSION = 5.0;
				TARGETED_DEVICE_FAMILY = "1,2";
				TEST_TARGET_NAME = potatodo;
			};
			name = Release;
		};
/* End XCBuildConfiguration section */

/* Begin XCConfigurationList section */
		D1900CBB2DD1A82200C53EEF /* Build configuration list for PBXProject "potatodo" */ = {
			isa = XCConfigurationList;
			buildConfigurations = (
				D1900CDF2DD1A82300C53EEF /* Debug */,
				D1900CE02DD1A82300C53EEF /* Release */,
			);
			defaultConfigurationIsVisible = 0;
			defaultConfigurationName = Release;
		};
		D1900CE12DD1A82300C53EEF /* Build configuration list for PBXNativeTarget "potatodo" */ = {
			isa = XCConfigurationList;
			buildConfigurations = (
				D1900CE22DD1A82300C53EEF /* Debug */,
				D1900CE32DD1A82300C53EEF /* Release */,
			);
			defaultConfigurationIsVisible = 0;
			defaultConfigurationName = Release;
		};
		D1900CE42DD1A82300C53EEF /* Build configuration list for PBXNativeTarget "potatodoTests" */ = {
			isa = XCConfigurationList;
			buildConfigurations = (
				D1900CE52DD1A82300C53EEF /* Debug */,
				D1900CE62DD1A82300C53EEF /* Release */,
			);
			defaultConfigurationIsVisible = 0;
			defaultConfigurationName = Release;
		};
		D1900CE72DD1A82300C53EEF /* Build configuration list for PBXNativeTarget "potatodoUITests" */ = {
			isa = XCConfigurationList;
			buildConfigurations = (
				D1900CE82DD1A82300C53EEF /* Debug */,
				D1900CE92DD1A82300C53EEF /* Release */,
			);
			defaultConfigurationIsVisible = 0;
			defaultConfigurationName = Release;
		};
/* End XCConfigurationList section */
	};
	rootObject = D1900CB82DD1A82200C53EEF /* Project object */;
}
